
Microsoft Visual Studio Solution File, Format Version 12.00
# Visual Studio Version 16
VisualStudioVersion = 16.0.31605.320
MinimumVisualStudioVersion = 10.0.40219.1
Project("{8BC9CEB8-8B4A-11D0-8D11-00A0C91BC942}") = "Sandbox", "Sandbox\Sandbox.vcxproj", "{3A2CADC2-3CFF-4AA5-B615-ECD9E8934E66}"
EndProject
Project("{8BC9CEB8-8B4A-11D0-8D11-00A0C91BC942}") = "Walnut", "Walnut\Walnut.vcxproj", "{CC19A4E4-0D92-4C21-9101-E42CB17545A2}"
EndProject
Global
	GlobalSection(SolutionConfigurationPlatforms) = preSolution
		Debug|x64 = Debug|x64
		Release|x64 = Release|x64
	EndGlobalSection
	GlobalSection(ProjectConfigurationPlatforms) = postSolution
		{CC19A4E4-0D92-4C21-9101-E42CB17545A2}.Debug|x64.ActiveCfg = Debug|x64
		{CC19A4E4-0D92-4C21-9101-E42CB17545A2}.Debug|x64.Build.0 = Debug|x64
		{CC19A4E4-0D92-4C21-9101-E42CB17545A2}.Release|x64.ActiveCfg = Release|x64
		{CC19A4E4-0D92-4C21-9101-E42CB17545A2}.Release|x64.Build.0 = Release|x64
		{3A2CADC2-3CFF-4AA5-B615-ECD9E8934E66}.Debug|x64.ActiveCfg = Debug|x64
		{3A2CADC2-3CFF-4AA5-B615-ECD9E8934E66}.Debug|x64.Build.0 = Debug|x64
		{3A2CADC2-3CFF-4AA5-B615-ECD9E8934E66}.Release|x64.ActiveCfg = Release|x64
		{3A2CADC2-3CFF-4AA5-B615-ECD9E8934E66}.Release|x64.Build.0 = Release|x64
	EndGlobalSection
	GlobalSection(SolutionProperties) = preSolution
		HideSolutionNode = FALSE
	EndGlobalSection
	GlobalSection(ExtensibilityGlobals) = postSolution
		SolutionGuid = {40202D3C-9892-46FE-B83D-9940FFE51937}
	EndGlobalSection
EndGlobal
